
Microsoft Visual Studio Solution File, Format Version 12.00
# Visual Studio 2012
Project("{FAE04EC0-301F-11D3-BF4B-00C04F79EFBC}") = "ConsoleApplication7", "ConsoleApplication7\ConsoleApplication7.csproj", "{BEAFBCBA-9586-4FAB-97BA-E115416BC00F}"
EndProject
Global
	GlobalSection(SolutionConfigurationPlatforms) = preSolution
		Debug|Any CPU = Debug|Any CPU
		Release|Any CPU = Release|Any CPU
	EndGlobalSection
	GlobalSection(ProjectConfigurationPlatforms) = postSolution
		{BEAFBCBA-9586-4FAB-97BA-E115416BC00F}.Debug|Any CPU.ActiveCfg = Debug|Any CPU
		{BEAFBCBA-9586-4FAB-97BA-E115416BC00F}.Debug|Any CPU.Build.0 = Debug|Any CPU
		{BEAFBCBA-9586-4FAB-97BA-E115416BC00F}.Release|Any CPU.ActiveCfg = Release|Any CPU
		{BEAFBCBA-9586-4FAB-97BA-E115416BC00F}.Release|Any CPU.Build.0 = Release|Any CPU
	EndGlobalSection
	GlobalSection(SolutionProperties) = preSolution
		HideSolutionNode = FALSE
	EndGlobalSection
EndGlobal
